
Microsoft Visual Studio Solution File, Format Version 12.00
# Visual Studio 15
VisualStudioVersion = 15.0.28010.2016
MinimumVisualStudioVersion = 10.0.40219.1
Project("{FAE04EC0-301F-11D3-BF4B-00C04F79EFBC}") = "LinkEngine", "LinkEngine\LinkEngine.csproj", "{63CF1CF9-7D8E-4B8B-825D-442F16DBFAEF}"
EndProject
Project("{FAE04EC0-301F-11D3-BF4B-00C04F79EFBC}") = "EngineGUI", "EngineGUI\EngineGUI.csproj", "{C3707B9B-1193-4EC2-988B-626480103B5B}"
EndProject
Global
	GlobalSection(SolutionConfigurationPlatforms) = preSolution
		Debug|Any CPU = Debug|Any CPU
		Debug|x64 = Debug|x64
		Debug|x86 = Debug|x86
		Release|Any CPU = Release|Any CPU
		Release|x64 = Release|x64
		Release|x86 = Release|x86
	EndGlobalSection
	GlobalSection(ProjectConfigurationPlatforms) = postSolution
		{63CF1CF9-7D8E-4B8B-825D-442F16DBFAEF}.Debug|Any CPU.ActiveCfg = Debug|Any CPU
		{63CF1CF9-7D8E-4B8B-825D-442F16DBFAEF}.Debug|Any CPU.Build.0 = Debug|Any CPU
		{63CF1CF9-7D8E-4B8B-825D-442F16DBFAEF}.Debug|x64.ActiveCfg = Debug|Any CPU
		{63CF1CF9-7D8E-4B8B-825D-442F16DBFAEF}.Debug|x64.Build.0 = Debug|Any CPU
		{63CF1CF9-7D8E-4B8B-825D-442F16DBFAEF}.Debug|x86.ActiveCfg = Debug|Any CPU
		{63CF1CF9-7D8E-4B8B-825D-442F16DBFAEF}.Debug|x86.Build.0 = Debug|Any CPU
		{63CF1CF9-7D8E-4B8B-825D-442F16DBFAEF}.Release|Any CPU.ActiveCfg = Release|Any CPU
		{63CF1CF9-7D8E-4B8B-825D-442F16DBFAEF}.Release|Any CPU.Build.0 = Release|Any CPU
		{63CF1CF9-7D8E-4B8B-825D-442F16DBFAEF}.Release|x64.ActiveCfg = Release|Any CPU
		{63CF1CF9-7D8E-4B8B-825D-442F16DBFAEF}.Release|x64.Build.0 = Release|Any CPU
		{63CF1CF9-7D8E-4B8B-825D-442F16DBFAEF}.Release|x86.ActiveCfg = Release|Any CPU
		{63CF1CF9-7D8E-4B8B-825D-442F16DBFAEF}.Release|x86.Build.0 = Release|Any CPU
		{C3707B9B-1193-4EC2-988B-626480103B5B}.Debug|Any CPU.ActiveCfg = Debug|Any CPU
		{C3707B9B-1193-4EC2-988B-626480103B5B}.Debug|Any CPU.Build.0 = Debug|Any CPU
		{C3707B9B-1193-4EC2-988B-626480103B5B}.Debug|x64.ActiveCfg = Debug|Any CPU
		{C3707B9B-1193-4EC2-988B-626480103B5B}.Debug|x64.Build.0 = Debug|Any CPU
		{C3707B9B-1193-4EC2-988B-626480103B5B}.Debug|x86.ActiveCfg = Debug|Any CPU
		{C3707B9B-1193-4EC2-988B-626480103B5B}.Debug|x86.Build.0 = Debug|Any CPU
		{C3707B9B-1193-4EC2-988B-626480103B5B}.Release|Any CPU.ActiveCfg = Release|Any CPU
		{C3707B9B-1193-4EC2-988B-626480103B5B}.Release|Any CPU.Build.0 = Release|Any CPU
		{C3707B9B-1193-4EC2-988B-626480103B5B}.Release|x64.ActiveCfg = Release|Any CPU
		{C3707B9B-1193-4EC2-988B-626480103B5B}.Release|x64.Build.0 = Release|Any CPU
		{C3707B9B-1193-4EC2-988B-626480103B5B}.Release|x86.ActiveCfg = Release|Any CPU
		{C3707B9B-1193-4EC2-988B-626480103B5B}.Release|x86.Build.0 = Release|Any CPU
	EndGlobalSection
	GlobalSection(SolutionProperties) = preSolution
		HideSolutionNode = FALSE
	EndGlobalSection
	GlobalSection(ExtensibilityGlobals) = postSolution
		SolutionGuid = {ED959F1B-EDBF-471D-B3E8-012B464611FC}
	EndGlobalSection
EndGlobal
